{
  "version": "5",
  "specifiers": {
    "npm:@jscad/modeling@*": "2.12.6",
    "npm:@jscad/stl-serializer@*": "2.1.21",
    "npm:@types/ace@*": "0.0.52",
    "npm:ace-builds@*": "1.43.4",
    "npm:three@*": "0.180.0"
  },
  "npm": {
    "@jscad/array-utils@2.1.4": {
      "integrity": "sha512-c31r4zSKsE+4Xfwk2V8monDA0hx5G89QGzaakWVUvuGNowYS9WSsYCwHiTIXodjR+HEnDu4okQ7k/whmP0Ne2g=="
    },
    "@jscad/modeling@2.12.6": {
      "integrity": "sha512-RyT7hrxuq9UHuBmsC8o+KzimQCY6En2IFiSYPDbSlNFKLFdOc3Kyq9NXpt5+RNQhrhLz6uo15XDtnE43EFF3YQ=="
    },
    "@jscad/stl-serializer@2.1.21": {
      "integrity": "sha512-XHNBCxoMSiimNjL5kmWId1ToWdLYzbNWo2B3LKaxaxMnH0g6qZ36YHqTu5+SUxSARXRyFo/dFuwEwDPQc/vINA==",
      "dependencies": [
        "@jscad/array-utils",
        "@jscad/modeling"
      ]
    },
    "@types/ace@0.0.52": {
      "integrity": "sha512-YPF9S7fzpuyrxru+sG/rrTpZkC6gpHBPF14W3x70kqVOD+ks6jkYLapk4yceh36xej7K4HYxcyz9ZDQ2lTvwgQ=="
    },
    "ace-builds@1.43.4": {
      "integrity": "sha512-8hAxVfo2ImICd69BWlZwZlxe9rxDGDjuUhh+WeWgGDvfBCE+r3lkynkQvIovDz4jcMi8O7bsEaFygaDT+h9sBA=="
    },
    "three@0.180.0": {
      "integrity": "sha512-o+qycAMZrh+TsE01GqWUxUIKR1AL0S8pq7zDkYOQw8GqfX8b8VoCKYUoHbhiX5j+7hr8XsuHDVU6+gkQJQKg9w=="
    }
  },
  "workspace": {
    "dependencies": [
      "jsr:@std/assert@^1.0.15",
      "npm:@jscad/modeling@*",
      "npm:@jscad/stl-serializer@*",
      "npm:@types/ace@*",
      "npm:ace-builds@*",
      "npm:three@*"
    ]
  }
}
